// !$*UTF8*$!
{
	archiveVersion = 1;
	classes = {
	};
	objectVersion = 46;
	objects = {

/* Begin PBXBuildFile section */
		6C43F10F1EC7A873004CB4C3 /* AppDelegate.swift in Sources */ = {isa = PBXBuildFile; fileRef = 6C43F10E1EC7A873004CB4C3 /* AppDelegate.swift */; };
		6C43F1111EC7A873004CB4C3 /* MainVC.swift in Sources */ = {isa = PBXBuildFile; fileRef = 6C43F1101EC7A873004CB4C3 /* MainVC.swift */; };
		6C43F1141EC7A873004CB4C3 /* Main.storyboard in Resources */ = {isa = PBXBuildFile; fileRef = 6C43F1121EC7A873004CB4C3 /* Main.storyboard */; };
		6C43F1161EC7A873004CB4C3 /* Assets.xcassets in Resources */ = {isa = PBXBuildFile; fileRef = 6C43F1151EC7A873004CB4C3 /* Assets.xcassets */; };
		6C43F1191EC7A873004CB4C3 /* LaunchScreen.storyboard in Resources */ = {isa = PBXBuildFile; fileRef = 6C43F1171EC7A873004CB4C3 /* LaunchScreen.storyboard */; };
		6C43F1241EC7AFB4004CB4C3 /* still time.ttf in Resources */ = {isa = PBXBuildFile; fileRef = 6C43F1231EC7AFB4004CB4C3 /* still time.ttf */; };
		6C43F1271EC7B25C004CB4C3 /* VideoVC.swift in Sources */ = {isa = PBXBuildFile; fileRef = 6C43F1261EC7B25C004CB4C3 /* VideoVC.swift */; };
		6C43F1291EC7B3DA004CB4C3 /* PartyCell.swift in Sources */ = {isa = PBXBuildFile; fileRef = 6C43F1281EC7B3DA004CB4C3 /* PartyCell.swift */; };
		6CBA13A81ECD2A0200B2D669 /* PartyRock.swift in Sources */ = {isa = PBXBuildFile; fileRef = 6CBA13A71ECD2A0200B2D669 /* PartyRock.swift */; };
/* End PBXBuildFile section */

/* Begin PBXFileReference section */
		6C43F10B1EC7A873004CB4C3 /* PartyRockApp.app */ = {isa = PBXFileReference; explicitFileType = wrapper.application; includeInIndex = 0; path = PartyRockApp.app; sourceTree = BUILT_PRODUCTS_DIR; };
		6C43F10E1EC7A873004CB4C3 /* AppDelegate.swift */ = {isa = PBXFileReference; lastKnownFileType = sourcecode.swift; path = AppDelegate.swift; sourceTree = "<group>"; };
		6C43F1101EC7A873004CB4C3 /* MainVC.swift */ = {isa = PBXFileReference; lastKnownFileType = sourcecode.swift; path = MainVC.swift; sourceTree = "<group>"; };
		6C43F1131EC7A873004CB4C3 /* Base */ = {isa = PBXFileReference; lastKnownFileType = file.storyboard; name = Base; path = Base.lproj/Main.storyboard; sourceTree = "<group>"; };
		6C43F1151EC7A873004CB4C3 /* Assets.xcassets */ = {isa = PBXFileReference; lastKnownFileType = folder.assetcatalog; path = Assets.xcassets; sourceTree = "<group>"; };
		6C43F1181EC7A873004CB4C3 /* Base */ = {isa = PBXFileReference; lastKnownFileType = file.storyboard; name = Base; path = Base.lproj/LaunchScreen.storyboard; sourceTree = "<group>"; };
		6C43F11A1EC7A873004CB4C3 /* Info.plist */ = {isa = PBXFileReference; lastKnownFileType = text.plist.xml; path = Info.plist; sourceTree = "<group>"; };
		6C43F1231EC7AFB4004CB4C3 /* still time.ttf */ = {isa = PBXFileReference; lastKnownFileType = file; path = "still time.ttf"; sourceTree = "<group>"; };
		6C43F1261EC7B25C004CB4C3 /* VideoVC.swift */ = {isa = PBXFileReference; fileEncoding = 4; lastKnownFileType = sourcecode.swift; path = VideoVC.swift; sourceTree = "<group>"; };
		6C43F1281EC7B3DA004CB4C3 /* PartyCell.swift */ = {isa = PBXFileReference; fileEncoding = 4; lastKnownFileType = sourcecode.swift; path = PartyCell.swift; sourceTree = "<group>"; };
		6CBA13A71ECD2A0200B2D669 /* PartyRock.swift */ = {isa = PBXFileReference; fileEncoding = 4; lastKnownFileType = sourcecode.swift; path = PartyRock.swift; sourceTree = "<group>"; };
/* End PBXFileReference section */

/* Begin PBXFrameworksBuildPhase section */
		6C43F1081EC7A873004CB4C3 /* Frameworks */ = {
			isa = PBXFrameworksBuildPhase;
			buildActionMask = 2147483647;
			files = (
			);
			runOnlyForDeploymentPostprocessing = 0;
		};
/* End PBXFrameworksBuildPhase section */

/* Begin PBXGroup section */
		6C43F1021EC7A873004CB4C3 = {
			isa = PBXGroup;
			children = (
				6C43F10D1EC7A873004CB4C3 /* PartyRockApp */,
				6C43F10C1EC7A873004CB4C3 /* Products */,
			);
			sourceTree = "<group>";
		};
		6C43F10C1EC7A873004CB4C3 /* Products */ = {
			isa = PBXGroup;
			children = (
				6C43F10B1EC7A873004CB4C3 /* PartyRockApp.app */,
			);
			name = Products;
			sourceTree = "<group>";
		};
		6C43F10D1EC7A873004CB4C3 /* PartyRockApp */ = {
			isa = PBXGroup;
			children = (
				6C43F1251EC7AFFD004CB4C3 /* Files */,
				6C43F1221EC7A996004CB4C3 /* Model */,
				6C43F1211EC7A989004CB4C3 /* View */,
				6C43F1201EC7A978004CB4C3 /* Controller */,
				6C43F10E1EC7A873004CB4C3 /* AppDelegate.swift */,
				6C43F1121EC7A873004CB4C3 /* Main.storyboard */,
				6C43F1171EC7A873004CB4C3 /* LaunchScreen.storyboard */,
				6C43F1151EC7A873004CB4C3 /* Assets.xcassets */,
				6C43F11A1EC7A873004CB4C3 /* Info.plist */,
			);
			path = PartyRockApp;
			sourceTree = "<group>";
		};
		6C43F1201EC7A978004CB4C3 /* Controller */ = {
			isa = PBXGroup;
			children = (
				6C43F1101EC7A873004CB4C3 /* MainVC.swift */,
				6C43F1261EC7B25C004CB4C3 /* VideoVC.swift */,
			);
			name = Controller;
			sourceTree = "<group>";
		};
		6C43F1211EC7A989004CB4C3 /* View */ = {
			isa = PBXGroup;
			children = (
				6C43F1281EC7B3DA004CB4C3 /* PartyCell.swift */,
			);
			name = View;
			sourceTree = "<group>";
		};
		6C43F1221EC7A996004CB4C3 /* Model */ = {
			isa = PBXGroup;
			children = (
				6CBA13A71ECD2A0200B2D669 /* PartyRock.swift */,
			);
			name = Model;
			sourceTree = "<group>";
		};
		6C43F1251EC7AFFD004CB4C3 /* Files */ = {
			isa = PBXGroup;
			children = (
				6C43F1231EC7AFB4004CB4C3 /* still time.ttf */,
			);
			name = Files;
			sourceTree = "<group>";
		};
/* End PBXGroup section */

/* Begin PBXNativeTarget section */
		6C43F10A1EC7A873004CB4C3 /* PartyRockApp */ = {
			isa = PBXNativeTarget;
			buildConfigurationList = 6C43F11D1EC7A873004CB4C3 /* Build configuration list for PBXNativeTarget "PartyRockApp" */;
			buildPhases = (
				6C43F1071EC7A873004CB4C3 /* Sources */,
				6C43F1081EC7A873004CB4C3 /* Frameworks */,
				6C43F1091EC7A873004CB4C3 /* Resources */,
			);
			buildRules = (
			);
			dependencies = (
			);
			name = PartyRockApp;
			productName = PartyRockApp;
			productReference = 6C43F10B1EC7A873004CB4C3 /* PartyRockApp.app */;
			productType = "com.apple.product-type.application";
		};
/* End PBXNativeTarget section */

/* Begin PBXProject section */
		6C43F1031EC7A873004CB4C3 /* Project object */ = {
			isa = PBXProject;
			attributes = {
				LastSwiftUpdateCheck = 0830;
				LastUpgradeCheck = 0830;
				ORGANIZATIONNAME = "Christopher Sanders";
				TargetAttributes = {
					6C43F10A1EC7A873004CB4C3 = {
						CreatedOnToolsVersion = 8.3.2;
						DevelopmentTeam = 2RQ82SNR8Q;
						ProvisioningStyle = Automatic;
					};
				};
			};
			buildConfigurationList = 6C43F1061EC7A873004CB4C3 /* Build configuration list for PBXProject "PartyRockApp" */;
			compatibilityVersion = "Xcode 3.2";
			developmentRegion = English;
			hasScannedForEncodings = 0;
			knownRegions = (
				en,
				Base,
			);
			mainGroup = 6C43F1021EC7A873004CB4C3;
			productRefGroup = 6C43F10C1EC7A873004CB4C3 /* Products */;
			projectDirPath = "";
			projectRoot = "";
			targets = (
				6C43F10A1EC7A873004CB4C3 /* PartyRockApp */,
			);
		};
/* End PBXProject section */

/* Begin PBXResourcesBuildPhase section */
		6C43F1091EC7A873004CB4C3 /* Resources */ = {
			isa = PBXResourcesBuildPhase;
			buildActionMask = 2147483647;
			files = (
				6C43F1191EC7A873004CB4C3 /* LaunchScreen.storyboard in Resources */,
				6C43F1241EC7AFB4004CB4C3 /* still time.ttf in Resources */,
				6C43F1161EC7A873004CB4C3 /* Assets.xcassets in Resources */,
				6C43F1141EC7A873004CB4C3 /* Main.storyboard in Resources */,
			);
			runOnlyForDeploymentPostprocessing = 0;
		};
/* End PBXResourcesBuildPhase section */

/* Begin PBXSourcesBuildPhase section */
		6C43F1071EC7A873004CB4C3 /* Sources */ = {
			isa = PBXSourcesBuildPhase;
			buildActionMask = 2147483647;
			files = (
				6C43F1271EC7B25C004CB4C3 /* VideoVC.swift in Sources */,
				6C43F1111EC7A873004CB4C3 /* MainVC.swift in Sources */,
				6CBA13A81ECD2A0200B2D669 /* PartyRock.swift in Sources */,
				6C43F1291EC7B3DA004CB4C3 /* PartyCell.swift in Sources */,
				6C43F10F1EC7A873004CB4C3 /* AppDelegate.swift in Sources */,
			);
			runOnlyForDeploymentPostprocessing = 0;
		};
/* End PBXSourcesBuildPhase section */

/* Begin PBXVariantGroup section */
		6C43F1121EC7A873004CB4C3 /* Main.storyboard */ = {
			isa = PBXVariantGroup;
			children = (
				6C43F1131EC7A873004CB4C3 /* Base */,
			);
			name = Main.storyboard;
			sourceTree = "<group>";
		};
		6C43F1171EC7A873004CB4C3 /* LaunchScreen.storyboard */ = {
			isa = PBXVariantGroup;
			children = (
				6C43F1181EC7A873004CB4C3 /* Base */,
			);
			name = LaunchScreen.storyboard;
			sourceTree = "<group>";
		};
/* End PBXVariantGroup section */

/* Begin XCBuildConfiguration section */
		6C43F11B1EC7A873004CB4C3 /* Debug */ = {
			isa = XCBuildConfiguration;
			buildSettings = {
				ALWAYS_SEARCH_USER_PATHS = NO;
				CLANG_ANALYZER_NONNULL = YES;
				CLANG_ANALYZER_NUMBER_OBJECT_CONVERSION = YES_AGGRESSIVE;
				CLANG_CXX_LANGUAGE_STANDARD = "gnu++0x";
				CLANG_CXX_LIBRARY = "libc++";
				CLANG_ENABLE_MODULES = YES;
				CLANG_ENABLE_OBJC_ARC = YES;
				CLANG_WARN_BOOL_CONVERSION = YES;
				CLANG_WARN_CONSTANT_CONVERSION = YES;
				CLANG_WARN_DIRECT_OBJC_ISA_USAGE = YES_ERROR;
				CLANG_WARN_DOCUMENTATION_COMMENTS = YES;
				CLANG_WARN_EMPTY_BODY = YES;
				CLANG_WARN_ENUM_CONVERSION = YES;
				CLANG_WARN_INFINITE_RECURSION = YES;
				CLANG_WARN_INT_CONVERSION = YES;
				CLANG_WARN_OBJC_ROOT_CLASS = YES_ERROR;
				CLANG_WARN_SUSPICIOUS_MOVE = YES;
				CLANG_WARN_UNREACHABLE_CODE = YES;
				CLANG_WARN__DUPLICATE_METHOD_MATCH = YES;
				"CODE_SIGN_IDENTITY[sdk=iphoneos*]" = "iPhone Developer";
				COPY_PHASE_STRIP = NO;
				DEBUG_INFORMATION_FORMAT = dwarf;
				ENABLE_STRICT_OBJC_MSGSEND = YES;
				ENABLE_TESTABILITY = YES;
				GCC_C_LANGUAGE_STANDARD = gnu99;
				GCC_DYNAMIC_NO_PIC = NO;
				GCC_NO_COMMON_BLOCKS = YES;
				GCC_OPTIMIZATION_LEVEL = 0;
				GCC_PREPROCESSOR_DEFINITIONS = (
					"DEBUG=1",
					"$(inherited)",
				);
				GCC_WARN_64_TO_32_BIT_CONVERSION = YES;
				GCC_WARN_ABOUT_RETURN_TYPE = YES_ERROR;
				GCC_WARN_UNDECLARED_SELECTOR = YES;
				GCC_WARN_UNINITIALIZED_AUTOS = YES_AGGRESSIVE;
				GCC_WARN_UNUSED_FUNCTION = YES;
				GCC_WARN_UNUSED_VARIABLE = YES;
				IPHONEOS_DEPLOYMENT_TARGET = 10.3;
				MTL_ENABLE_DEBUG_INFO = YES;
				ONLY_ACTIVE_ARCH = YES;
				SDKROOT = iphoneos;
				SWIFT_ACTIVE_COMPILATION_CONDITIONS = DEBUG;
				SWIFT_OPTIMIZATION_LEVEL = "-Onone";
				TARGETED_DEVICE_FAMILY = "1,2";
			};
			name = Debug;
		};
		6C43F11C1EC7A873004CB4C3 /* Release */ = {
			isa = XCBuildConfiguration;
			buildSettings = {
				ALWAYS_SEARCH_USER_PATHS = NO;
				CLANG_ANALYZER_NONNULL = YES;
				CLANG_ANALYZER_NUMBER_OBJECT_CONVERSION = YES_AGGRESSIVE;
				CLANG_CXX_LANGUAGE_STANDARD = "gnu++0x";
				CLANG_CXX_LIBRARY = "libc++";
				CLANG_ENABLE_MODULES = YES;
				CLANG_ENABLE_OBJC_ARC = YES;
				CLANG_WARN_BOOL_CONVERSION = YES;
				CLANG_WARN_CONSTANT_CONVERSION = YES;
				CLANG_WARN_DIRECT_OBJC_ISA_USAGE = YES_ERROR;
				CLANG_WARN_DOCUMENTATION_COMMENTS = YES;
				CLANG_WARN_EMPTY_BODY = YES;
				CLANG_WARN_ENUM_CONVERSION = YES;
				CLANG_WARN_INFINITE_RECURSION = YES;
				CLANG_WARN_INT_CONVERSION = YES;
				CLANG_WARN_OBJC_ROOT_CLASS = YES_ERROR;
				CLANG_WARN_SUSPICIOUS_MOVE = YES;
				CLANG_WARN_UNREACHABLE_CODE = YES;
				CLANG_WARN__DUPLICATE_METHOD_MATCH = YES;
				"CODE_SIGN_IDENTITY[sdk=iphoneos*]" = "iPhone Developer";
				COPY_PHASE_STRIP = NO;
				DEBUG_INFORMATION_FORMAT = "dwarf-with-dsym";
				ENABLE_NS_ASSERTIONS = NO;
				ENABLE_STRICT_OBJC_MSGSEND = YES;
				GCC_C_LANGUAGE_STANDARD = gnu99;
				GCC_NO_COMMON_BLOCKS = YES;
				GCC_WARN_64_TO_32_BIT_CONVERSION = YES;
				GCC_WARN_ABOUT_RETURN_TYPE = YES_ERROR;
				GCC_WARN_UNDECLARED_SELECTOR = YES;
				GCC_WARN_UNINITIALIZED_AUTOS = YES_AGGRESSIVE;
				GCC_WARN_UNUSED_FUNCTION = YES;
				GCC_WARN_UNUSED_VARIABLE = YES;
				IPHONEOS_DEPLOYMENT_TARGET = 10.3;
				MTL_ENABLE_DEBUG_INFO = NO;
				SDKROOT = iphoneos;
				SWIFT_OPTIMIZATION_LEVEL = "-Owholemodule";
				TARGETED_DEVICE_FAMILY = "1,2";
				VALIDATE_PRODUCT = YES;
			};
			name = Release;
		};
		6C43F11E1EC7A873004CB4C3 /* Debug */ = {
			isa = XCBuildConfiguration;
			buildSettings = {
				ASSETCATALOG_COMPILER_APPICON_NAME = AppIcon;
				DEVELOPMENT_TEAM = 2RQ82SNR8Q;
				INFOPLIST_FILE = PartyRockApp/Info.plist;
				LD_RUNPATH_SEARCH_PATHS = "$(inherited) @executable_path/Frameworks";
				PRODUCT_BUNDLE_IDENTIFIER = com.thegayngler.PartyRockApp;
				PRODUCT_NAME = "$(TARGET_NAME)";
				SWIFT_VERSION = 3.0;
			};
			name = Debug;
		};
		6C43F11F1EC7A873004CB4C3 /* Release */ = {
			isa = XCBuildConfiguration;
			buildSettings = {
				ASSETCATALOG_COMPILER_APPICON_NAME = AppIcon;
				DEVELOPMENT_TEAM = 2RQ82SNR8Q;
				INFOPLIST_FILE = PartyRockApp/Info.plist;
				LD_RUNPATH_SEARCH_PATHS = "$(inherited) @executable_path/Frameworks";
				PRODUCT_BUNDLE_IDENTIFIER = com.thegayngler.PartyRockApp;
				PRODUCT_NAME = "$(TARGET_NAME)";
				SWIFT_VERSION = 3.0;
			};
			name = Release;
		};
/* End XCBuildConfiguration section */

/* Begin XCConfigurationList section */
		6C43F1061EC7A873004CB4C3 /* Build configuration list for PBXProject "PartyRockApp" */ = {
			isa = XCConfigurationList;
			buildConfigurations = (
				6C43F11B1EC7A873004CB4C3 /* Debug */,
				6C43F11C1EC7A873004CB4C3 /* Release */,
			);
			defaultConfigurationIsVisible = 0;
			defaultConfigurationName = Release;
		};
		6C43F11D1EC7A873004CB4C3 /* Build configuration list for PBXNativeTarget "PartyRockApp" */ = {
			isa = XCConfigurationList;
			buildConfigurations = (
				6C43F11E1EC7A873004CB4C3 /* Debug */,
				6C43F11F1EC7A873004CB4C3 /* Release */,
			);
			defaultConfigurationIsVisible = 0;
			defaultConfigurationName = Release;
		};
/* End XCConfigurationList section */
	};
	rootObject = 6C43F1031EC7A873004CB4C3 /* Project object */;
}
